
Microsoft Visual Studio Solution File, Format Version 12.00
Project("{FAE04EC0-301F-11D3-BF4B-00C04F79EFBC}") = "WayFinder.FTPRJ", "WayFinder.FTPRJ\WayFinder.FTPRJ.csproj", "{A70C031B-1D91-49F4-B705-69F4D70577D0}"
EndProject
Global
	GlobalSection(SolutionConfigurationPlatforms) = preSolution
		Debug|Any CPU = Debug|Any CPU
		Release|Any CPU = Release|Any CPU
	EndGlobalSection
	GlobalSection(ProjectConfigurationPlatforms) = postSolution
		{A70C031B-1D91-49F4-B705-69F4D70577D0}.Debug|Any CPU.ActiveCfg = Debug|Any CPU
		{A70C031B-1D91-49F4-B705-69F4D70577D0}.Debug|Any CPU.Build.0 = Debug|Any CPU
		{A70C031B-1D91-49F4-B705-69F4D70577D0}.Release|Any CPU.ActiveCfg = Release|Any CPU
		{A70C031B-1D91-49F4-B705-69F4D70577D0}.Release|Any CPU.Build.0 = Release|Any CPU
	EndGlobalSection
EndGlobal
